// !$*UTF8*$!
{
	archiveVersion = 1;
	classes = {
	};
	objectVersion = 50;
	objects = {

/* Begin PBXBuildFile section */
		05806B04216B00A400950C0E /* RadioListVC.swift in Sources */ = {isa = PBXBuildFile; fileRef = 05806B03216B00A400950C0E /* RadioListVC.swift */; };
		05806B06216B00B100950C0E /* RadioItem.swift in Sources */ = {isa = PBXBuildFile; fileRef = 05806B05216B00B100950C0E /* RadioItem.swift */; };
		05806B08216B00DF00950C0E /* Api.swift in Sources */ = {isa = PBXBuildFile; fileRef = 05806B07216B00DF00950C0E /* Api.swift */; };
		05806B0A216B0A4700950C0E /* BaseVC.swift in Sources */ = {isa = PBXBuildFile; fileRef = 05806B09216B0A4700950C0E /* BaseVC.swift */; };
		05806B10216B0BF900950C0E /* Localizable.strings in Resources */ = {isa = PBXBuildFile; fileRef = 05806B12216B0BF900950C0E /* Localizable.strings */; };
		05806B21216B0F4800950C0E /* StringExt.swift in Sources */ = {isa = PBXBuildFile; fileRef = 05806B20216B0F4800950C0E /* StringExt.swift */; };
		05BD1AD8216C50D90011A3D1 /* RadioListCell.swift in Sources */ = {isa = PBXBuildFile; fileRef = 05BD1AD7216C50D90011A3D1 /* RadioListCell.swift */; };
		05BD1ADA216C8B390011A3D1 /* RadioPlayerVC.swift in Sources */ = {isa = PBXBuildFile; fileRef = 05BD1AD9216C8B390011A3D1 /* RadioPlayerVC.swift */; };
		05E706FF2154C64700719EF9 /* Assets.xcassets in Resources */ = {isa = PBXBuildFile; fileRef = 05E706EF2154C64600719EF9 /* Assets.xcassets */; };
		05E707002154C64700719EF9 /* LaunchScreen.storyboard in Resources */ = {isa = PBXBuildFile; fileRef = 05E706F02154C64600719EF9 /* LaunchScreen.storyboard */; };
		05E707012154C64700719EF9 /* Info.plist in Resources */ = {isa = PBXBuildFile; fileRef = 05E706F22154C64600719EF9 /* Info.plist */; };
		05E707032154C64700719EF9 /* Global.swift in Sources */ = {isa = PBXBuildFile; fileRef = 05E706FA2154C64700719EF9 /* Global.swift */; };
		05E707042154C64700719EF9 /* MainTabBarController.swift in Sources */ = {isa = PBXBuildFile; fileRef = 05E706FC2154C64700719EF9 /* MainTabBarController.swift */; };
		05E707052154C64700719EF9 /* AppDelegate.swift in Sources */ = {isa = PBXBuildFile; fileRef = 05E706FD2154C64700719EF9 /* AppDelegate.swift */; };
		05E707062154C64700719EF9 /* BaseNavigationController.swift in Sources */ = {isa = PBXBuildFile; fileRef = 05E706FE2154C64700719EF9 /* BaseNavigationController.swift */; };
		05E707092154CB3E00719EF9 /* HomeVC.swift in Sources */ = {isa = PBXBuildFile; fileRef = 05E707082154CB3E00719EF9 /* HomeVC.swift */; };
		05E7070B2154CBBD00719EF9 /* HomeVM.swift in Sources */ = {isa = PBXBuildFile; fileRef = 05E7070A2154CBBD00719EF9 /* HomeVM.swift */; };
		4D246742654DA2EB10697700 /* Pods_ESNews.framework in Frameworks */ = {isa = PBXBuildFile; fileRef = F002F0624FCE7ABBC2ECD10D /* Pods_ESNews.framework */; };
/* End PBXBuildFile section */

/* Begin PBXFileReference section */
		05806B03216B00A400950C0E /* RadioListVC.swift */ = {isa = PBXFileReference; lastKnownFileType = sourcecode.swift; path = RadioListVC.swift; sourceTree = "<group>"; };
		05806B05216B00B100950C0E /* RadioItem.swift */ = {isa = PBXFileReference; lastKnownFileType = sourcecode.swift; path = RadioItem.swift; sourceTree = "<group>"; };
		05806B07216B00DF00950C0E /* Api.swift */ = {isa = PBXFileReference; lastKnownFileType = sourcecode.swift; path = Api.swift; sourceTree = "<group>"; };
		05806B09216B0A4700950C0E /* BaseVC.swift */ = {isa = PBXFileReference; lastKnownFileType = sourcecode.swift; path = BaseVC.swift; sourceTree = "<group>"; };
		05806B11216B0BF900950C0E /* en */ = {isa = PBXFileReference; lastKnownFileType = text.plist.strings; name = en; path = en.lproj/Localizable.strings; sourceTree = "<group>"; };
		05806B13216B0C1E00950C0E /* zh-Hans */ = {isa = PBXFileReference; lastKnownFileType = text.plist.strings; name = "zh-Hans"; path = "zh-Hans.lproj/Localizable.strings"; sourceTree = "<group>"; };
		05806B20216B0F4800950C0E /* StringExt.swift */ = {isa = PBXFileReference; lastKnownFileType = sourcecode.swift; path = StringExt.swift; sourceTree = "<group>"; };
		05BD1AD7216C50D90011A3D1 /* RadioListCell.swift */ = {isa = PBXFileReference; lastKnownFileType = sourcecode.swift; path = RadioListCell.swift; sourceTree = "<group>"; };
		05BD1AD9216C8B390011A3D1 /* RadioPlayerVC.swift */ = {isa = PBXFileReference; lastKnownFileType = sourcecode.swift; path = RadioPlayerVC.swift; sourceTree = "<group>"; };
		05E706D92154C4C900719EF9 /* ESNews.app */ = {isa = PBXFileReference; explicitFileType = wrapper.application; includeInIndex = 0; path = ESNews.app; sourceTree = BUILT_PRODUCTS_DIR; };
		05E706EF2154C64600719EF9 /* Assets.xcassets */ = {isa = PBXFileReference; lastKnownFileType = folder.assetcatalog; path = Assets.xcassets; sourceTree = "<group>"; };
		05E706F12154C64600719EF9 /* Base */ = {isa = PBXFileReference; lastKnownFileType = file.storyboard; name = Base; path = Base.lproj/LaunchScreen.storyboard; sourceTree = "<group>"; };
		05E706F22154C64600719EF9 /* Info.plist */ = {isa = PBXFileReference; fileEncoding = 4; lastKnownFileType = text.plist.xml; path = Info.plist; sourceTree = "<group>"; };
		05E706FA2154C64700719EF9 /* Global.swift */ = {isa = PBXFileReference; fileEncoding = 4; lastKnownFileType = sourcecode.swift; path = Global.swift; sourceTree = "<group>"; };
		05E706FC2154C64700719EF9 /* MainTabBarController.swift */ = {isa = PBXFileReference; fileEncoding = 4; lastKnownFileType = sourcecode.swift; path = MainTabBarController.swift; sourceTree = "<group>"; };
		05E706FD2154C64700719EF9 /* AppDelegate.swift */ = {isa = PBXFileReference; fileEncoding = 4; lastKnownFileType = sourcecode.swift; path = AppDelegate.swift; sourceTree = "<group>"; };
		05E706FE2154C64700719EF9 /* BaseNavigationController.swift */ = {isa = PBXFileReference; fileEncoding = 4; lastKnownFileType = sourcecode.swift; path = BaseNavigationController.swift; sourceTree = "<group>"; };
		05E707082154CB3E00719EF9 /* HomeVC.swift */ = {isa = PBXFileReference; fileEncoding = 4; lastKnownFileType = sourcecode.swift; path = HomeVC.swift; sourceTree = "<group>"; };
		05E7070A2154CBBD00719EF9 /* HomeVM.swift */ = {isa = PBXFileReference; lastKnownFileType = sourcecode.swift; path = HomeVM.swift; sourceTree = "<group>"; };
		0D6FBEB7FBB25A6C0E14C0E7 /* Pods-ESNews.debug.xcconfig */ = {isa = PBXFileReference; includeInIndex = 1; lastKnownFileType = text.xcconfig; name = "Pods-ESNews.debug.xcconfig"; path = "Target Support Files/Pods-ESNews/Pods-ESNews.debug.xcconfig"; sourceTree = "<group>"; };
		5CA85B45851338AA1081A2F3 /* Pods-ESNews.release.xcconfig */ = {isa = PBXFileReference; includeInIndex = 1; lastKnownFileType = text.xcconfig; name = "Pods-ESNews.release.xcconfig"; path = "Target Support Files/Pods-ESNews/Pods-ESNews.release.xcconfig"; sourceTree = "<group>"; };
		F002F0624FCE7ABBC2ECD10D /* Pods_ESNews.framework */ = {isa = PBXFileReference; explicitFileType = wrapper.framework; includeInIndex = 0; path = Pods_ESNews.framework; sourceTree = BUILT_PRODUCTS_DIR; };
/* End PBXFileReference section */

/* Begin PBXFrameworksBuildPhase section */
		05E706D62154C4C900719EF9 /* Frameworks */ = {
			isa = PBXFrameworksBuildPhase;
			buildActionMask = 2147483647;
			files = (
				4D246742654DA2EB10697700 /* Pods_ESNews.framework in Frameworks */,
			);
			runOnlyForDeploymentPostprocessing = 0;
		};
/* End PBXFrameworksBuildPhase section */

/* Begin PBXGroup section */
		05806B02216AEB6B00950C0E /* Radio */ = {
			isa = PBXGroup;
			children = (
				05806B03216B00A400950C0E /* RadioListVC.swift */,
				05806B05216B00B100950C0E /* RadioItem.swift */,
				05BD1AD7216C50D90011A3D1 /* RadioListCell.swift */,
				05BD1AD9216C8B390011A3D1 /* RadioPlayerVC.swift */,
			);
			path = Radio;
			sourceTree = "<group>";
		};
		05E706D02154C4C900719EF9 = {
			isa = PBXGroup;
			children = (
				05E706DB2154C4C900719EF9 /* ESNews */,
				05E706DA2154C4C900719EF9 /* Products */,
				E4562FE28FB0DA8D8A5E5218 /* Pods */,
				5C2C30F1F84AD8BAF088504B /* Frameworks */,
			);
			sourceTree = "<group>";
		};
		05E706DA2154C4C900719EF9 /* Products */ = {
			isa = PBXGroup;
			children = (
				05E706D92154C4C900719EF9 /* ESNews.app */,
			);
			name = Products;
			sourceTree = "<group>";
		};
		05E706DB2154C4C900719EF9 /* ESNews */ = {
			isa = PBXGroup;
			children = (
				05E706F32154C64700719EF9 /* Classes */,
				05E706EE2154C64600719EF9 /* Supporting Files */,
			);
			path = ESNews;
			sourceTree = "<group>";
		};
		05E706EE2154C64600719EF9 /* Supporting Files */ = {
			isa = PBXGroup;
			children = (
				05E706EF2154C64600719EF9 /* Assets.xcassets */,
				05E706F02154C64600719EF9 /* LaunchScreen.storyboard */,
				05E706F22154C64600719EF9 /* Info.plist */,
				05806B12216B0BF900950C0E /* Localizable.strings */,
			);
			path = "Supporting Files";
			sourceTree = "<group>";
		};
		05E706F32154C64700719EF9 /* Classes */ = {
			isa = PBXGroup;
			children = (
				05806B02216AEB6B00950C0E /* Radio */,
				05E706FB2154C64700719EF9 /* Main */,
				05E706F42154C64700719EF9 /* Home */,
				05E706F92154C64700719EF9 /* Other */,
			);
			path = Classes;
			sourceTree = "<group>";
		};
		05E706F42154C64700719EF9 /* Home */ = {
			isa = PBXGroup;
			children = (
				05E707082154CB3E00719EF9 /* HomeVC.swift */,
				05E7070A2154CBBD00719EF9 /* HomeVM.swift */,
			);
			path = Home;
			sourceTree = "<group>";
		};
		05E706F92154C64700719EF9 /* Other */ = {
			isa = PBXGroup;
			children = (
				05E706FA2154C64700719EF9 /* Global.swift */,
				05806B20216B0F4800950C0E /* StringExt.swift */,
			);
			path = Other;
			sourceTree = "<group>";
		};
		05E706FB2154C64700719EF9 /* Main */ = {
			isa = PBXGroup;
			children = (
				05E706FC2154C64700719EF9 /* MainTabBarController.swift */,
				05E706FD2154C64700719EF9 /* AppDelegate.swift */,
				05E706FE2154C64700719EF9 /* BaseNavigationController.swift */,
				05806B07216B00DF00950C0E /* Api.swift */,
				05806B09216B0A4700950C0E /* BaseVC.swift */,
			);
			path = Main;
			sourceTree = "<group>";
		};
		5C2C30F1F84AD8BAF088504B /* Frameworks */ = {
			isa = PBXGroup;
			children = (
				F002F0624FCE7ABBC2ECD10D /* Pods_ESNews.framework */,
			);
			name = Frameworks;
			sourceTree = "<group>";
		};
		E4562FE28FB0DA8D8A5E5218 /* Pods */ = {
			isa = PBXGroup;
			children = (
				0D6FBEB7FBB25A6C0E14C0E7 /* Pods-ESNews.debug.xcconfig */,
				5CA85B45851338AA1081A2F3 /* Pods-ESNews.release.xcconfig */,
			);
			path = Pods;
			sourceTree = "<group>";
		};
/* End PBXGroup section */

/* Begin PBXNativeTarget section */
		05E706D82154C4C900719EF9 /* ESNews */ = {
			isa = PBXNativeTarget;
			buildConfigurationList = 05E706EB2154C4CA00719EF9 /* Build configuration list for PBXNativeTarget "ESNews" */;
			buildPhases = (
				25D98E19BE2876EE46BFBCE9 /* [CP] Check Pods Manifest.lock */,
				05E706D52154C4C900719EF9 /* Sources */,
				05E706D62154C4C900719EF9 /* Frameworks */,
				05E706D72154C4C900719EF9 /* Resources */,
				19FAA53E796ED67D992B0989 /* [CP] Embed Pods Frameworks */,
			);
			buildRules = (
			);
			dependencies = (
			);
			name = ESNews;
			productName = ESNews;
			productReference = 05E706D92154C4C900719EF9 /* ESNews.app */;
			productType = "com.apple.product-type.application";
		};
/* End PBXNativeTarget section */

/* Begin PBXProject section */
		05E706D12154C4C900719EF9 /* Project object */ = {
			isa = PBXProject;
			attributes = {
				LastSwiftUpdateCheck = 0930;
				LastUpgradeCheck = 0930;
				ORGANIZATIONNAME = siridx;
				TargetAttributes = {
					05E706D82154C4C900719EF9 = {
						CreatedOnToolsVersion = 9.3.1;
					};
				};
			};
			buildConfigurationList = 05E706D42154C4C900719EF9 /* Build configuration list for PBXProject "ESNews" */;
			compatibilityVersion = "Xcode 9.3";
			developmentRegion = en;
			hasScannedForEncodings = 0;
			knownRegions = (
				en,
				Base,
				"zh-Hans",
			);
			mainGroup = 05E706D02154C4C900719EF9;
			productRefGroup = 05E706DA2154C4C900719EF9 /* Products */;
			projectDirPath = "";
			projectRoot = "";
			targets = (
				05E706D82154C4C900719EF9 /* ESNews */,
			);
		};
/* End PBXProject section */

/* Begin PBXResourcesBuildPhase section */
		05E706D72154C4C900719EF9 /* Resources */ = {
			isa = PBXResourcesBuildPhase;
			buildActionMask = 2147483647;
			files = (
				05806B10216B0BF900950C0E /* Localizable.strings in Resources */,
				05E707012154C64700719EF9 /* Info.plist in Resources */,
				05E707002154C64700719EF9 /* LaunchScreen.storyboard in Resources */,
				05E706FF2154C64700719EF9 /* Assets.xcassets in Resources */,
			);
			runOnlyForDeploymentPostprocessing = 0;
		};
/* End PBXResourcesBuildPhase section */

/* Begin PBXShellScriptBuildPhase section */
		19FAA53E796ED67D992B0989 /* [CP] Embed Pods Frameworks */ = {
			isa = PBXShellScriptBuildPhase;
			buildActionMask = 2147483647;
			files = (
			);
			inputPaths = (
				"${PODS_ROOT}/Target Support Files/Pods-ESNews/Pods-ESNews-frameworks.sh",
				"${BUILT_PRODUCTS_DIR}/Alamofire/Alamofire.framework",
				"${BUILT_PRODUCTS_DIR}/JSONMatching/JSONMatching.framework",
				"${BUILT_PRODUCTS_DIR}/Kingfisher/Kingfisher.framework",
				"${BUILT_PRODUCTS_DIR}/Realm/Realm.framework",
				"${BUILT_PRODUCTS_DIR}/RealmSwift/RealmSwift.framework",
				"${BUILT_PRODUCTS_DIR}/RxCocoa/RxCocoa.framework",
				"${BUILT_PRODUCTS_DIR}/RxSwift/RxSwift.framework",
				"${BUILT_PRODUCTS_DIR}/SnapKit/SnapKit.framework",
				"${BUILT_PRODUCTS_DIR}/SwiftSoup/SwiftSoup.framework",
			);
			name = "[CP] Embed Pods Frameworks";
			outputPaths = (
				"${TARGET_BUILD_DIR}/${FRAMEWORKS_FOLDER_PATH}/Alamofire.framework",
				"${TARGET_BUILD_DIR}/${FRAMEWORKS_FOLDER_PATH}/JSONMatching.framework",
				"${TARGET_BUILD_DIR}/${FRAMEWORKS_FOLDER_PATH}/Kingfisher.framework",
				"${TARGET_BUILD_DIR}/${FRAMEWORKS_FOLDER_PATH}/Realm.framework",
				"${TARGET_BUILD_DIR}/${FRAMEWORKS_FOLDER_PATH}/RealmSwift.framework",
				"${TARGET_BUILD_DIR}/${FRAMEWORKS_FOLDER_PATH}/RxCocoa.framework",
				"${TARGET_BUILD_DIR}/${FRAMEWORKS_FOLDER_PATH}/RxSwift.framework",
				"${TARGET_BUILD_DIR}/${FRAMEWORKS_FOLDER_PATH}/SnapKit.framework",
				"${TARGET_BUILD_DIR}/${FRAMEWORKS_FOLDER_PATH}/SwiftSoup.framework",
			);
			runOnlyForDeploymentPostprocessing = 0;
			shellPath = /bin/sh;
			shellScript = "\"${PODS_ROOT}/Target Support Files/Pods-ESNews/Pods-ESNews-frameworks.sh\"\n";
			showEnvVarsInLog = 0;
		};
		25D98E19BE2876EE46BFBCE9 /* [CP] Check Pods Manifest.lock */ = {
			isa = PBXShellScriptBuildPhase;
			buildActionMask = 2147483647;
			files = (
			);
			inputPaths = (
				"${PODS_PODFILE_DIR_PATH}/Podfile.lock",
				"${PODS_ROOT}/Manifest.lock",
			);
			name = "[CP] Check Pods Manifest.lock";
			outputPaths = (
				"$(DERIVED_FILE_DIR)/Pods-ESNews-checkManifestLockResult.txt",
			);
			runOnlyForDeploymentPostprocessing = 0;
			shellPath = /bin/sh;
			shellScript = "diff \"${PODS_PODFILE_DIR_PATH}/Podfile.lock\" \"${PODS_ROOT}/Manifest.lock\" > /dev/null\nif [ $? != 0 ] ; then\n    # print error to STDERR\n    echo \"error: The sandbox is not in sync with the Podfile.lock. Run 'pod install' or update your CocoaPods installation.\" >&2\n    exit 1\nfi\n# This output is used by Xcode 'outputs' to avoid re-running this script phase.\necho \"SUCCESS\" > \"${SCRIPT_OUTPUT_FILE_0}\"\n";
			showEnvVarsInLog = 0;
		};
/* End PBXShellScriptBuildPhase section */

/* Begin PBXSourcesBuildPhase section */
		05E706D52154C4C900719EF9 /* Sources */ = {
			isa = PBXSourcesBuildPhase;
			buildActionMask = 2147483647;
			files = (
				05806B08216B00DF00950C0E /* Api.swift in Sources */,
				05E707052154C64700719EF9 /* AppDelegate.swift in Sources */,
				05E707032154C64700719EF9 /* Global.swift in Sources */,
				05806B06216B00B100950C0E /* RadioItem.swift in Sources */,
				05E707092154CB3E00719EF9 /* HomeVC.swift in Sources */,
				05BD1AD8216C50D90011A3D1 /* RadioListCell.swift in Sources */,
				05806B21216B0F4800950C0E /* StringExt.swift in Sources */,
				05BD1ADA216C8B390011A3D1 /* RadioPlayerVC.swift in Sources */,
				05E7070B2154CBBD00719EF9 /* HomeVM.swift in Sources */,
				05E707062154C64700719EF9 /* BaseNavigationController.swift in Sources */,
				05806B04216B00A400950C0E /* RadioListVC.swift in Sources */,
				05E707042154C64700719EF9 /* MainTabBarController.swift in Sources */,
				05806B0A216B0A4700950C0E /* BaseVC.swift in Sources */,
			);
			runOnlyForDeploymentPostprocessing = 0;
		};
/* End PBXSourcesBuildPhase section */

/* Begin PBXVariantGroup section */
		05806B12216B0BF900950C0E /* Localizable.strings */ = {
			isa = PBXVariantGroup;
			children = (
				05806B11216B0BF900950C0E /* en */,
				05806B13216B0C1E00950C0E /* zh-Hans */,
			);
			name = Localizable.strings;
			sourceTree = "<group>";
		};
		05E706F02154C64600719EF9 /* LaunchScreen.storyboard */ = {
			isa = PBXVariantGroup;
			children = (
				05E706F12154C64600719EF9 /* Base */,
			);
			name = LaunchScreen.storyboard;
			sourceTree = "<group>";
		};
/* End PBXVariantGroup section */

/* Begin XCBuildConfiguration section */
		05E706E92154C4CA00719EF9 /* Debug */ = {
			isa = XCBuildConfiguration;
			buildSettings = {
				ALWAYS_SEARCH_USER_PATHS = NO;
				CLANG_ANALYZER_LOCALIZABILITY_NONLOCALIZED = YES;
				CLANG_ANALYZER_NONNULL = YES;
				CLANG_ANALYZER_NUMBER_OBJECT_CONVERSION = YES_AGGRESSIVE;
				CLANG_CXX_LANGUAGE_STANDARD = "gnu++14";
				CLANG_CXX_LIBRARY = "libc++";
				CLANG_ENABLE_MODULES = YES;
				CLANG_ENABLE_OBJC_ARC = YES;
				CLANG_ENABLE_OBJC_WEAK = YES;
				CLANG_WARN_BLOCK_CAPTURE_AUTORELEASING = YES;
				CLANG_WARN_BOOL_CONVERSION = YES;
				CLANG_WARN_COMMA = YES;
				CLANG_WARN_CONSTANT_CONVERSION = YES;
				CLANG_WARN_DEPRECATED_OBJC_IMPLEMENTATIONS = YES;
				CLANG_WARN_DIRECT_OBJC_ISA_USAGE = YES_ERROR;
				CLANG_WARN_DOCUMENTATION_COMMENTS = YES;
				CLANG_WARN_EMPTY_BODY = YES;
				CLANG_WARN_ENUM_CONVERSION = YES;
				CLANG_WARN_INFINITE_RECURSION = YES;
				CLANG_WARN_INT_CONVERSION = YES;
				CLANG_WARN_NON_LITERAL_NULL_CONVERSION = YES;
				CLANG_WARN_OBJC_IMPLICIT_RETAIN_SELF = YES;
				CLANG_WARN_OBJC_LITERAL_CONVERSION = YES;
				CLANG_WARN_OBJC_ROOT_CLASS = YES_ERROR;
				CLANG_WARN_RANGE_LOOP_ANALYSIS = YES;
				CLANG_WARN_STRICT_PROTOTYPES = YES;
				CLANG_WARN_SUSPICIOUS_MOVE = YES;
				CLANG_WARN_UNGUARDED_AVAILABILITY = YES_AGGRESSIVE;
				CLANG_WARN_UNREACHABLE_CODE = YES;
				CLANG_WARN__DUPLICATE_METHOD_MATCH = YES;
				CODE_SIGN_IDENTITY = "iPhone Developer";
				COPY_PHASE_STRIP = NO;
				DEBUG_INFORMATION_FORMAT = dwarf;
				ENABLE_STRICT_OBJC_MSGSEND = YES;
				ENABLE_TESTABILITY = YES;
				GCC_C_LANGUAGE_STANDARD = gnu11;
				GCC_DYNAMIC_NO_PIC = NO;
				GCC_NO_COMMON_BLOCKS = YES;
				GCC_OPTIMIZATION_LEVEL = 0;
				GCC_PREPROCESSOR_DEFINITIONS = (
					"DEBUG=1",
					"$(inherited)",
				);
				GCC_WARN_64_TO_32_BIT_CONVERSION = YES;
				GCC_WARN_ABOUT_RETURN_TYPE = YES_ERROR;
				GCC_WARN_UNDECLARED_SELECTOR = YES;
				GCC_WARN_UNINITIALIZED_AUTOS = YES_AGGRESSIVE;
				GCC_WARN_UNUSED_FUNCTION = YES;
				GCC_WARN_UNUSED_VARIABLE = YES;
				IPHONEOS_DEPLOYMENT_TARGET = 11.3;
				MTL_ENABLE_DEBUG_INFO = YES;
				ONLY_ACTIVE_ARCH = YES;
				SDKROOT = iphoneos;
				SWIFT_ACTIVE_COMPILATION_CONDITIONS = DEBUG;
				SWIFT_OPTIMIZATION_LEVEL = "-Onone";
			};
			name = Debug;
		};
		05E706EA2154C4CA00719EF9 /* Release */ = {
			isa = XCBuildConfiguration;
			buildSettings = {
				ALWAYS_SEARCH_USER_PATHS = NO;
				CLANG_ANALYZER_LOCALIZABILITY_NONLOCALIZED = YES;
				CLANG_ANALYZER_NONNULL = YES;
				CLANG_ANALYZER_NUMBER_OBJECT_CONVERSION = YES_AGGRESSIVE;
				CLANG_CXX_LANGUAGE_STANDARD = "gnu++14";
				CLANG_CXX_LIBRARY = "libc++";
				CLANG_ENABLE_MODULES = YES;
				CLANG_ENABLE_OBJC_ARC = YES;
				CLANG_ENABLE_OBJC_WEAK = YES;
				CLANG_WARN_BLOCK_CAPTURE_AUTORELEASING = YES;
				CLANG_WARN_BOOL_CONVERSION = YES;
				CLANG_WARN_COMMA = YES;
				CLANG_WARN_CONSTANT_CONVERSION = YES;
				CLANG_WARN_DEPRECATED_OBJC_IMPLEMENTATIONS = YES;
				CLANG_WARN_DIRECT_OBJC_ISA_USAGE = YES_ERROR;
				CLANG_WARN_DOCUMENTATION_COMMENTS = YES;
				CLANG_WARN_EMPTY_BODY = YES;
				CLANG_WARN_ENUM_CONVERSION = YES;
				CLANG_WARN_INFINITE_RECURSION = YES;
				CLANG_WARN_INT_CONVERSION = YES;
				CLANG_WARN_NON_LITERAL_NULL_CONVERSION = YES;
				CLANG_WARN_OBJC_IMPLICIT_RETAIN_SELF = YES;
				CLANG_WARN_OBJC_LITERAL_CONVERSION = YES;
				CLANG_WARN_OBJC_ROOT_CLASS = YES_ERROR;
				CLANG_WARN_RANGE_LOOP_ANALYSIS = YES;
				CLANG_WARN_STRICT_PROTOTYPES = YES;
				CLANG_WARN_SUSPICIOUS_MOVE = YES;
				CLANG_WARN_UNGUARDED_AVAILABILITY = YES_AGGRESSIVE;
				CLANG_WARN_UNREACHABLE_CODE = YES;
				CLANG_WARN__DUPLICATE_METHOD_MATCH = YES;
				CODE_SIGN_IDENTITY = "iPhone Developer";
				COPY_PHASE_STRIP = NO;
				DEBUG_INFORMATION_FORMAT = "dwarf-with-dsym";
				ENABLE_NS_ASSERTIONS = NO;
				ENABLE_STRICT_OBJC_MSGSEND = YES;
				GCC_C_LANGUAGE_STANDARD = gnu11;
				GCC_NO_COMMON_BLOCKS = YES;
				GCC_WARN_64_TO_32_BIT_CONVERSION = YES;
				GCC_WARN_ABOUT_RETURN_TYPE = YES_ERROR;
				GCC_WARN_UNDECLARED_SELECTOR = YES;
				GCC_WARN_UNINITIALIZED_AUTOS = YES_AGGRESSIVE;
				GCC_WARN_UNUSED_FUNCTION = YES;
				GCC_WARN_UNUSED_VARIABLE = YES;
				IPHONEOS_DEPLOYMENT_TARGET = 11.3;
				MTL_ENABLE_DEBUG_INFO = NO;
				SDKROOT = iphoneos;
				SWIFT_COMPILATION_MODE = wholemodule;
				SWIFT_OPTIMIZATION_LEVEL = "-O";
				VALIDATE_PRODUCT = YES;
			};
			name = Release;
		};
		05E706EC2154C4CA00719EF9 /* Debug */ = {
			isa = XCBuildConfiguration;
			baseConfigurationReference = 0D6FBEB7FBB25A6C0E14C0E7 /* Pods-ESNews.debug.xcconfig */;
			buildSettings = {
				ASSETCATALOG_COMPILER_APPICON_NAME = AppIcon;
				CODE_SIGN_STYLE = Automatic;
				INFOPLIST_FILE = "$(SRCROOT)/ESNews/Supporting Files/Info.plist";
				IPHONEOS_DEPLOYMENT_TARGET = 8.0;
				LD_RUNPATH_SEARCH_PATHS = (
					"$(inherited)",
					"@executable_path/Frameworks",
				);
				PRODUCT_BUNDLE_IDENTIFIER = com.siridx.ESNews;
				PRODUCT_NAME = "$(TARGET_NAME)";
				SWIFT_VERSION = 4.0;
				TARGETED_DEVICE_FAMILY = "1,2";
			};
			name = Debug;
		};
		05E706ED2154C4CA00719EF9 /* Release */ = {
			isa = XCBuildConfiguration;
			baseConfigurationReference = 5CA85B45851338AA1081A2F3 /* Pods-ESNews.release.xcconfig */;
			buildSettings = {
				ASSETCATALOG_COMPILER_APPICON_NAME = AppIcon;
				CODE_SIGN_STYLE = Automatic;
				INFOPLIST_FILE = "$(SRCROOT)/ESNews/Supporting Files/Info.plist";
				IPHONEOS_DEPLOYMENT_TARGET = 8.0;
				LD_RUNPATH_SEARCH_PATHS = (
					"$(inherited)",
					"@executable_path/Frameworks",
				);
				PRODUCT_BUNDLE_IDENTIFIER = com.siridx.ESNews;
				PRODUCT_NAME = "$(TARGET_NAME)";
				SWIFT_VERSION = 4.0;
				TARGETED_DEVICE_FAMILY = "1,2";
			};
			name = Release;
		};
/* End XCBuildConfiguration section */

/* Begin XCConfigurationList section */
		05E706D42154C4C900719EF9 /* Build configuration list for PBXProject "ESNews" */ = {
			isa = XCConfigurationList;
			buildConfigurations = (
				05E706E92154C4CA00719EF9 /* Debug */,
				05E706EA2154C4CA00719EF9 /* Release */,
			);
			defaultConfigurationIsVisible = 0;
			defaultConfigurationName = Release;
		};
		05E706EB2154C4CA00719EF9 /* Build configuration list for PBXNativeTarget "ESNews" */ = {
			isa = XCConfigurationList;
			buildConfigurations = (
				05E706EC2154C4CA00719EF9 /* Debug */,
				05E706ED2154C4CA00719EF9 /* Release */,
			);
			defaultConfigurationIsVisible = 0;
			defaultConfigurationName = Release;
		};
/* End XCConfigurationList section */
	};
	rootObject = 05E706D12154C4C900719EF9 /* Project object */;
}
